// !$*UTF8*$!
{
	archiveVersion = 1;
	classes = {
	};
	objectVersion = 46;
	objects = {

/* Begin PBXBuildFile section */
		2900BB8622FC0DD900F3344C /* YXAddressPickerView.m in Sources */ = {isa = PBXBuildFile; fileRef = 2900BB7922FC0DD900F3344C /* YXAddressPickerView.m */; };
		2900BB8722FC0DD900F3344C /* YXBundle.bundle in Resources */ = {isa = PBXBuildFile; fileRef = 2900BB7A22FC0DD900F3344C /* YXBundle.bundle */; };
		2900BB8822FC0DD900F3344C /* YXDatePickerView.m in Sources */ = {isa = PBXBuildFile; fileRef = 2900BB7B22FC0DD900F3344C /* YXDatePickerView.m */; };
		2900BB8922FC0DD900F3344C /* YXToolbar.m in Sources */ = {isa = PBXBuildFile; fileRef = 2900BB7E22FC0DD900F3344C /* YXToolbar.m */; };
		2900BB8A22FC0DD900F3344C /* YXCustomPickerView.m in Sources */ = {isa = PBXBuildFile; fileRef = 2900BB8122FC0DD900F3344C /* YXCustomPickerView.m */; };
		2900BB8B22FC0DD900F3344C /* YXCityModel.m in Sources */ = {isa = PBXBuildFile; fileRef = 2900BB8322FC0DD900F3344C /* YXCityModel.m */; };
		2900BB8C22FC0DD900F3344C /* YXPickerManager.m in Sources */ = {isa = PBXBuildFile; fileRef = 2900BB8522FC0DD900F3344C /* YXPickerManager.m */; };
		2900BB9622FC14FE00F3344C /* NSDate+YXCategory.m in Sources */ = {isa = PBXBuildFile; fileRef = 2900BB9522FC14FE00F3344C /* NSDate+YXCategory.m */; };
		292B8E8823014A3D008EB264 /* YXActionSheetViewController.m in Sources */ = {isa = PBXBuildFile; fileRef = 292B8E8723014A3D008EB264 /* YXActionSheetViewController.m */; };
		292B8E8B23014AC1008EB264 /* YXActionSheetTableViewCell.m in Sources */ = {isa = PBXBuildFile; fileRef = 292B8E8A23014AC1008EB264 /* YXActionSheetTableViewCell.m */; };
		292B8E8E23014AE4008EB264 /* YXActionSheetModel.m in Sources */ = {isa = PBXBuildFile; fileRef = 292B8E8D23014AE4008EB264 /* YXActionSheetModel.m */; };
		292B8E9123014C72008EB264 /* UIButton+Category.m in Sources */ = {isa = PBXBuildFile; fileRef = 292B8E9023014C72008EB264 /* UIButton+Category.m */; };
		292B8E9423014FCA008EB264 /* NSString+Category.m in Sources */ = {isa = PBXBuildFile; fileRef = 292B8E9323014FCA008EB264 /* NSString+Category.m */; };
		2943F9081F1C5B82000B5D94 /* Podfile in Resources */ = {isa = PBXBuildFile; fileRef = 2943F9071F1C5B82000B5D94 /* Podfile */; };
		2985833C246A3AA200E37F09 /* YXCustomController.m in Sources */ = {isa = PBXBuildFile; fileRef = 2985833B246A3AA200E37F09 /* YXCustomController.m */; };
		2985833F246A417500E37F09 /* YXCustomTableViewCell.m in Sources */ = {isa = PBXBuildFile; fileRef = 2985833E246A417500E37F09 /* YXCustomTableViewCell.m */; };
		29858346246A442500E37F09 /* SecondViewController.m in Sources */ = {isa = PBXBuildFile; fileRef = 29858344246A442500E37F09 /* SecondViewController.m */; };
		299321901F1C5440001DBDE3 /* AppDelegate.m in Sources */ = {isa = PBXBuildFile; fileRef = 2993217C1F1C5440001DBDE3 /* AppDelegate.m */; };
		299321911F1C5440001DBDE3 /* Assets.xcassets in Resources */ = {isa = PBXBuildFile; fileRef = 2993217D1F1C5440001DBDE3 /* Assets.xcassets */; };
		299321921F1C5440001DBDE3 /* LaunchScreen.storyboard in Resources */ = {isa = PBXBuildFile; fileRef = 2993217E1F1C5440001DBDE3 /* LaunchScreen.storyboard */; };
		299321931F1C5440001DBDE3 /* Main.storyboard in Resources */ = {isa = PBXBuildFile; fileRef = 299321801F1C5440001DBDE3 /* Main.storyboard */; };
		299321941F1C5440001DBDE3 /* Info.plist in Resources */ = {isa = PBXBuildFile; fileRef = 299321821F1C5440001DBDE3 /* Info.plist */; };
		299321951F1C5440001DBDE3 /* main.m in Sources */ = {isa = PBXBuildFile; fileRef = 299321831F1C5440001DBDE3 /* main.m */; };
		299321961F1C5440001DBDE3 /* ViewController.m in Sources */ = {isa = PBXBuildFile; fileRef = 299321851F1C5440001DBDE3 /* ViewController.m */; };
		EAAFD710E97687139321524C /* libPods-demo.a in Frameworks */ = {isa = PBXBuildFile; fileRef = D6A5E740DB7EE98A0A02B66C /* libPods-demo.a */; };
/* End PBXBuildFile section */

/* Begin PBXFileReference section */
		2900BB7922FC0DD900F3344C /* YXAddressPickerView.m */ = {isa = PBXFileReference; fileEncoding = 4; lastKnownFileType = sourcecode.c.objc; path = YXAddressPickerView.m; sourceTree = "<group>"; };
		2900BB7A22FC0DD900F3344C /* YXBundle.bundle */ = {isa = PBXFileReference; lastKnownFileType = "wrapper.plug-in"; path = YXBundle.bundle; sourceTree = "<group>"; };
		2900BB7B22FC0DD900F3344C /* YXDatePickerView.m */ = {isa = PBXFileReference; fileEncoding = 4; lastKnownFileType = sourcecode.c.objc; path = YXDatePickerView.m; sourceTree = "<group>"; };
		2900BB7C22FC0DD900F3344C /* YXCustomPickerView.h */ = {isa = PBXFileReference; fileEncoding = 4; lastKnownFileType = sourcecode.c.h; path = YXCustomPickerView.h; sourceTree = "<group>"; };
		2900BB7D22FC0DD900F3344C /* YXPickerManager.h */ = {isa = PBXFileReference; fileEncoding = 4; lastKnownFileType = sourcecode.c.h; path = YXPickerManager.h; sourceTree = "<group>"; };
		2900BB7E22FC0DD900F3344C /* YXToolbar.m */ = {isa = PBXFileReference; fileEncoding = 4; lastKnownFileType = sourcecode.c.objc; path = YXToolbar.m; sourceTree = "<group>"; };
		2900BB7F22FC0DD900F3344C /* YXCityModel.h */ = {isa = PBXFileReference; fileEncoding = 4; lastKnownFileType = sourcecode.c.h; path = YXCityModel.h; sourceTree = "<group>"; };
		2900BB8022FC0DD900F3344C /* YXAddressPickerView.h */ = {isa = PBXFileReference; fileEncoding = 4; lastKnownFileType = sourcecode.c.h; path = YXAddressPickerView.h; sourceTree = "<group>"; };
		2900BB8122FC0DD900F3344C /* YXCustomPickerView.m */ = {isa = PBXFileReference; fileEncoding = 4; lastKnownFileType = sourcecode.c.objc; path = YXCustomPickerView.m; sourceTree = "<group>"; };
		2900BB8222FC0DD900F3344C /* YXDatePickerView.h */ = {isa = PBXFileReference; fileEncoding = 4; lastKnownFileType = sourcecode.c.h; path = YXDatePickerView.h; sourceTree = "<group>"; };
		2900BB8322FC0DD900F3344C /* YXCityModel.m */ = {isa = PBXFileReference; fileEncoding = 4; lastKnownFileType = sourcecode.c.objc; path = YXCityModel.m; sourceTree = "<group>"; };
		2900BB8422FC0DD900F3344C /* YXToolbar.h */ = {isa = PBXFileReference; fileEncoding = 4; lastKnownFileType = sourcecode.c.h; path = YXToolbar.h; sourceTree = "<group>"; };
		2900BB8522FC0DD900F3344C /* YXPickerManager.m */ = {isa = PBXFileReference; fileEncoding = 4; lastKnownFileType = sourcecode.c.objc; path = YXPickerManager.m; sourceTree = "<group>"; };
		2900BB8F22FC0E7F00F3344C /* YXPickerViewHeader.h */ = {isa = PBXFileReference; lastKnownFileType = sourcecode.c.h; path = YXPickerViewHeader.h; sourceTree = "<group>"; };
		2900BB9422FC14FE00F3344C /* NSDate+YXCategory.h */ = {isa = PBXFileReference; lastKnownFileType = sourcecode.c.h; path = "NSDate+YXCategory.h"; sourceTree = "<group>"; };
		2900BB9522FC14FE00F3344C /* NSDate+YXCategory.m */ = {isa = PBXFileReference; lastKnownFileType = sourcecode.c.objc; path = "NSDate+YXCategory.m"; sourceTree = "<group>"; };
		292B8E8623014A3D008EB264 /* YXActionSheetViewController.h */ = {isa = PBXFileReference; lastKnownFileType = sourcecode.c.h; path = YXActionSheetViewController.h; sourceTree = "<group>"; };
		292B8E8723014A3D008EB264 /* YXActionSheetViewController.m */ = {isa = PBXFileReference; lastKnownFileType = sourcecode.c.objc; path = YXActionSheetViewController.m; sourceTree = "<group>"; };
		292B8E8923014AC1008EB264 /* YXActionSheetTableViewCell.h */ = {isa = PBXFileReference; lastKnownFileType = sourcecode.c.h; path = YXActionSheetTableViewCell.h; sourceTree = "<group>"; };
		292B8E8A23014AC1008EB264 /* YXActionSheetTableViewCell.m */ = {isa = PBXFileReference; lastKnownFileType = sourcecode.c.objc; path = YXActionSheetTableViewCell.m; sourceTree = "<group>"; };
		292B8E8C23014AE4008EB264 /* YXActionSheetModel.h */ = {isa = PBXFileReference; lastKnownFileType = sourcecode.c.h; path = YXActionSheetModel.h; sourceTree = "<group>"; };
		292B8E8D23014AE4008EB264 /* YXActionSheetModel.m */ = {isa = PBXFileReference; lastKnownFileType = sourcecode.c.objc; path = YXActionSheetModel.m; sourceTree = "<group>"; };
		292B8E8F23014C72008EB264 /* UIButton+Category.h */ = {isa = PBXFileReference; lastKnownFileType = sourcecode.c.h; path = "UIButton+Category.h"; sourceTree = "<group>"; };
		292B8E9023014C72008EB264 /* UIButton+Category.m */ = {isa = PBXFileReference; lastKnownFileType = sourcecode.c.objc; path = "UIButton+Category.m"; sourceTree = "<group>"; };
		292B8E9223014FCA008EB264 /* NSString+Category.h */ = {isa = PBXFileReference; lastKnownFileType = sourcecode.c.h; path = "NSString+Category.h"; sourceTree = "<group>"; };
		292B8E9323014FCA008EB264 /* NSString+Category.m */ = {isa = PBXFileReference; lastKnownFileType = sourcecode.c.objc; path = "NSString+Category.m"; sourceTree = "<group>"; };
		2943F9071F1C5B82000B5D94 /* Podfile */ = {isa = PBXFileReference; fileEncoding = 4; lastKnownFileType = text; path = Podfile; sourceTree = "<group>"; xcLanguageSpecificationIdentifier = xcode.lang.ruby; };
		2985833A246A3AA200E37F09 /* YXCustomController.h */ = {isa = PBXFileReference; lastKnownFileType = sourcecode.c.h; path = YXCustomController.h; sourceTree = "<group>"; };
		2985833B246A3AA200E37F09 /* YXCustomController.m */ = {isa = PBXFileReference; lastKnownFileType = sourcecode.c.objc; path = YXCustomController.m; sourceTree = "<group>"; };
		2985833D246A417500E37F09 /* YXCustomTableViewCell.h */ = {isa = PBXFileReference; lastKnownFileType = sourcecode.c.h; path = YXCustomTableViewCell.h; sourceTree = "<group>"; };
		2985833E246A417500E37F09 /* YXCustomTableViewCell.m */ = {isa = PBXFileReference; lastKnownFileType = sourcecode.c.objc; path = YXCustomTableViewCell.m; sourceTree = "<group>"; };
		29858343246A442500E37F09 /* SecondViewController.h */ = {isa = PBXFileReference; lastKnownFileType = sourcecode.c.h; path = SecondViewController.h; sourceTree = "<group>"; };
		29858344246A442500E37F09 /* SecondViewController.m */ = {isa = PBXFileReference; lastKnownFileType = sourcecode.c.objc; path = SecondViewController.m; sourceTree = "<group>"; };
		299321211F189972001DBDE3 /* demo.app */ = {isa = PBXFileReference; explicitFileType = wrapper.application; includeInIndex = 0; path = demo.app; sourceTree = BUILT_PRODUCTS_DIR; };
		2993217B1F1C5440001DBDE3 /* AppDelegate.h */ = {isa = PBXFileReference; fileEncoding = 4; lastKnownFileType = sourcecode.c.h; path = AppDelegate.h; sourceTree = "<group>"; };
		2993217C1F1C5440001DBDE3 /* AppDelegate.m */ = {isa = PBXFileReference; fileEncoding = 4; lastKnownFileType = sourcecode.c.objc; path = AppDelegate.m; sourceTree = "<group>"; };
		2993217D1F1C5440001DBDE3 /* Assets.xcassets */ = {isa = PBXFileReference; lastKnownFileType = folder.assetcatalog; path = Assets.xcassets; sourceTree = "<group>"; };
		2993217F1F1C5440001DBDE3 /* Base */ = {isa = PBXFileReference; lastKnownFileType = file.storyboard; name = Base; path = Base.lproj/LaunchScreen.storyboard; sourceTree = "<group>"; };
		299321811F1C5440001DBDE3 /* Base */ = {isa = PBXFileReference; lastKnownFileType = file.storyboard; name = Base; path = Base.lproj/Main.storyboard; sourceTree = "<group>"; };
		299321821F1C5440001DBDE3 /* Info.plist */ = {isa = PBXFileReference; fileEncoding = 4; lastKnownFileType = text.plist.xml; path = Info.plist; sourceTree = "<group>"; };
		299321831F1C5440001DBDE3 /* main.m */ = {isa = PBXFileReference; fileEncoding = 4; lastKnownFileType = sourcecode.c.objc; path = main.m; sourceTree = "<group>"; };
		299321841F1C5440001DBDE3 /* ViewController.h */ = {isa = PBXFileReference; fileEncoding = 4; lastKnownFileType = sourcecode.c.h; path = ViewController.h; sourceTree = "<group>"; };
		299321851F1C5440001DBDE3 /* ViewController.m */ = {isa = PBXFileReference; fileEncoding = 4; lastKnownFileType = sourcecode.c.objc; path = ViewController.m; sourceTree = "<group>"; };
		791613E6FBB1DAC73DA1D29E /* Pods-demo.debug.xcconfig */ = {isa = PBXFileReference; includeInIndex = 1; lastKnownFileType = text.xcconfig; name = "Pods-demo.debug.xcconfig"; path = "Pods/Target Support Files/Pods-demo/Pods-demo.debug.xcconfig"; sourceTree = "<group>"; };
		D6A5E740DB7EE98A0A02B66C /* libPods-demo.a */ = {isa = PBXFileReference; explicitFileType = archive.ar; includeInIndex = 0; path = "libPods-demo.a"; sourceTree = BUILT_PRODUCTS_DIR; };
		EF86096CEB7F4B2A60D896CF /* Pods-demo.release.xcconfig */ = {isa = PBXFileReference; includeInIndex = 1; lastKnownFileType = text.xcconfig; name = "Pods-demo.release.xcconfig"; path = "Pods/Target Support Files/Pods-demo/Pods-demo.release.xcconfig"; sourceTree = "<group>"; };
/* End PBXFileReference section */

/* Begin PBXFrameworksBuildPhase section */
		2993211E1F189972001DBDE3 /* Frameworks */ = {
			isa = PBXFrameworksBuildPhase;
			buildActionMask = 2147483647;
			files = (
				EAAFD710E97687139321524C /* libPods-demo.a in Frameworks */,
			);
			runOnlyForDeploymentPostprocessing = 0;
		};
/* End PBXFrameworksBuildPhase section */

/* Begin PBXGroup section */
		2900BB7822FC0DD900F3344C /* YXPickerView */ = {
			isa = PBXGroup;
			children = (
				2900BB7D22FC0DD900F3344C /* YXPickerManager.h */,
				2900BB8522FC0DD900F3344C /* YXPickerManager.m */,
				29858338246A396600E37F09 /* UIPickerView */,
				29858337246A395900E37F09 /* UIDatePicker */,
				29858336246A38FE00E37F09 /* Resource */,
				29858339246A398100E37F09 /* Controller */,
				29858335246A38D800E37F09 /* Cell */,
				2900BB9022FC14A300F3344C /* Category */,
				2900BB8E22FC0E1F00F3344C /* ToolBar */,
				2900BB8D22FC0E1400F3344C /* Model */,
			);
			path = YXPickerView;
			sourceTree = "<group>";
		};
		2900BB8D22FC0E1400F3344C /* Model */ = {
			isa = PBXGroup;
			children = (
				2900BB7F22FC0DD900F3344C /* YXCityModel.h */,
				2900BB8322FC0DD900F3344C /* YXCityModel.m */,
				292B8E8C23014AE4008EB264 /* YXActionSheetModel.h */,
				292B8E8D23014AE4008EB264 /* YXActionSheetModel.m */,
			);
			path = Model;
			sourceTree = "<group>";
		};
		2900BB8E22FC0E1F00F3344C /* ToolBar */ = {
			isa = PBXGroup;
			children = (
				2900BB8422FC0DD900F3344C /* YXToolbar.h */,
				2900BB7E22FC0DD900F3344C /* YXToolbar.m */,
			);
			path = ToolBar;
			sourceTree = "<group>";
		};
		2900BB9022FC14A300F3344C /* Category */ = {
			isa = PBXGroup;
			children = (
				2900BB9422FC14FE00F3344C /* NSDate+YXCategory.h */,
				2900BB9522FC14FE00F3344C /* NSDate+YXCategory.m */,
				292B8E8F23014C72008EB264 /* UIButton+Category.h */,
				292B8E9023014C72008EB264 /* UIButton+Category.m */,
				292B8E9223014FCA008EB264 /* NSString+Category.h */,
				292B8E9323014FCA008EB264 /* NSString+Category.m */,
			);
			path = Category;
			sourceTree = "<group>";
		};
		29858335246A38D800E37F09 /* Cell */ = {
			isa = PBXGroup;
			children = (
				292B8E8923014AC1008EB264 /* YXActionSheetTableViewCell.h */,
				292B8E8A23014AC1008EB264 /* YXActionSheetTableViewCell.m */,
				2985833D246A417500E37F09 /* YXCustomTableViewCell.h */,
				2985833E246A417500E37F09 /* YXCustomTableViewCell.m */,
			);
			path = Cell;
			sourceTree = "<group>";
		};
		29858336246A38FE00E37F09 /* Resource */ = {
			isa = PBXGroup;
			children = (
				2900BB7A22FC0DD900F3344C /* YXBundle.bundle */,
				2900BB8F22FC0E7F00F3344C /* YXPickerViewHeader.h */,
			);
			path = Resource;
			sourceTree = "<group>";
		};
		29858337246A395900E37F09 /* UIDatePicker */ = {
			isa = PBXGroup;
			children = (
				2900BB8222FC0DD900F3344C /* YXDatePickerView.h */,
				2900BB7B22FC0DD900F3344C /* YXDatePickerView.m */,
			);
			path = UIDatePicker;
			sourceTree = "<group>";
		};
		29858338246A396600E37F09 /* UIPickerView */ = {
			isa = PBXGroup;
			children = (
				2900BB8022FC0DD900F3344C /* YXAddressPickerView.h */,
				2900BB7922FC0DD900F3344C /* YXAddressPickerView.m */,
				2900BB7C22FC0DD900F3344C /* YXCustomPickerView.h */,
				2900BB8122FC0DD900F3344C /* YXCustomPickerView.m */,
			);
			path = UIPickerView;
			sourceTree = "<group>";
		};
		29858339246A398100E37F09 /* Controller */ = {
			isa = PBXGroup;
			children = (
				292B8E8623014A3D008EB264 /* YXActionSheetViewController.h */,
				292B8E8723014A3D008EB264 /* YXActionSheetViewController.m */,
				2985833A246A3AA200E37F09 /* YXCustomController.h */,
				2985833B246A3AA200E37F09 /* YXCustomController.m */,
			);
			path = Controller;
			sourceTree = "<group>";
		};
		299321181F189972001DBDE3 = {
			isa = PBXGroup;
			children = (
				2943F9071F1C5B82000B5D94 /* Podfile */,
				2993217A1F1C5440001DBDE3 /* demo */,
				299321221F189972001DBDE3 /* Products */,
				A34C140E0BB2B0A20BC04F54 /* Pods */,
				AA2AC8F4C1959CDC9B19628D /* Frameworks */,
			);
			sourceTree = "<group>";
		};
		299321221F189972001DBDE3 /* Products */ = {
			isa = PBXGroup;
			children = (
				299321211F189972001DBDE3 /* demo.app */,
			);
			name = Products;
			sourceTree = "<group>";
		};
		2993217A1F1C5440001DBDE3 /* demo */ = {
			isa = PBXGroup;
			children = (
				2993217B1F1C5440001DBDE3 /* AppDelegate.h */,
				2993217C1F1C5440001DBDE3 /* AppDelegate.m */,
				2900BB7822FC0DD900F3344C /* YXPickerView */,
				2993217D1F1C5440001DBDE3 /* Assets.xcassets */,
				2993217E1F1C5440001DBDE3 /* LaunchScreen.storyboard */,
				299321801F1C5440001DBDE3 /* Main.storyboard */,
				299321821F1C5440001DBDE3 /* Info.plist */,
				299321831F1C5440001DBDE3 /* main.m */,
				299321841F1C5440001DBDE3 /* ViewController.h */,
				299321851F1C5440001DBDE3 /* ViewController.m */,
				29858343246A442500E37F09 /* SecondViewController.h */,
				29858344246A442500E37F09 /* SecondViewController.m */,
			);
			path = demo;
			sourceTree = "<group>";
		};
		A34C140E0BB2B0A20BC04F54 /* Pods */ = {
			isa = PBXGroup;
			children = (
				791613E6FBB1DAC73DA1D29E /* Pods-demo.debug.xcconfig */,
				EF86096CEB7F4B2A60D896CF /* Pods-demo.release.xcconfig */,
			);
			name = Pods;
			sourceTree = "<group>";
		};
		AA2AC8F4C1959CDC9B19628D /* Frameworks */ = {
			isa = PBXGroup;
			children = (
				D6A5E740DB7EE98A0A02B66C /* libPods-demo.a */,
			);
			name = Frameworks;
			sourceTree = "<group>";
		};
/* End PBXGroup section */

/* Begin PBXNativeTarget section */
		299321201F189972001DBDE3 /* demo */ = {
			isa = PBXNativeTarget;
			buildConfigurationList = 299321381F189972001DBDE3 /* Build configuration list for PBXNativeTarget "demo" */;
			buildPhases = (
				1BDE97B86CDA7AB597C09A35 /* [CP] Check Pods Manifest.lock */,
				2993211D1F189972001DBDE3 /* Sources */,
				2993211E1F189972001DBDE3 /* Frameworks */,
				2993211F1F189972001DBDE3 /* Resources */,
			);
			buildRules = (
			);
			dependencies = (
			);
			name = demo;
			productName = YXPickerView;
			productReference = 299321211F189972001DBDE3 /* demo.app */;
			productType = "com.apple.product-type.application";
		};
/* End PBXNativeTarget section */

/* Begin PBXProject section */
		299321191F189972001DBDE3 /* Project object */ = {
			isa = PBXProject;
			attributes = {
				LastUpgradeCheck = 0830;
				ORGANIZATIONNAME = "曹云霄";
				TargetAttributes = {
					299321201F189972001DBDE3 = {
						CreatedOnToolsVersion = 8.3.2;
						DevelopmentTeam = BX89G3F8M3;
						ProvisioningStyle = Automatic;
					};
				};
			};
			buildConfigurationList = 2993211C1F189972001DBDE3 /* Build configuration list for PBXProject "demo" */;
			compatibilityVersion = "Xcode 3.2";
			developmentRegion = English;
			hasScannedForEncodings = 0;
			knownRegions = (
				English,
				en,
				Base,
			);
			mainGroup = 299321181F189972001DBDE3;
			productRefGroup = 299321221F189972001DBDE3 /* Products */;
			projectDirPath = "";
			projectRoot = "";
			targets = (
				299321201F189972001DBDE3 /* demo */,
			);
		};
/* End PBXProject section */

/* Begin PBXResourcesBuildPhase section */
		2993211F1F189972001DBDE3 /* Resources */ = {
			isa = PBXResourcesBuildPhase;
			buildActionMask = 2147483647;
			files = (
				2943F9081F1C5B82000B5D94 /* Podfile in Resources */,
				299321941F1C5440001DBDE3 /* Info.plist in Resources */,
				2900BB8722FC0DD900F3344C /* YXBundle.bundle in Resources */,
				299321931F1C5440001DBDE3 /* Main.storyboard in Resources */,
				299321911F1C5440001DBDE3 /* Assets.xcassets in Resources */,
				299321921F1C5440001DBDE3 /* LaunchScreen.storyboard in Resources */,
			);
			runOnlyForDeploymentPostprocessing = 0;
		};
/* End PBXResourcesBuildPhase section */

/* Begin PBXShellScriptBuildPhase section */
		1BDE97B86CDA7AB597C09A35 /* [CP] Check Pods Manifest.lock */ = {
			isa = PBXShellScriptBuildPhase;
			buildActionMask = 2147483647;
			files = (
			);
			inputPaths = (
				"${PODS_PODFILE_DIR_PATH}/Podfile.lock",
				"${PODS_ROOT}/Manifest.lock",
			);
			name = "[CP] Check Pods Manifest.lock";
			outputPaths = (
				"$(DERIVED_FILE_DIR)/Pods-demo-checkManifestLockResult.txt",
			);
			runOnlyForDeploymentPostprocessing = 0;
			shellPath = /bin/sh;
			shellScript = "diff \"${PODS_PODFILE_DIR_PATH}/Podfile.lock\" \"${PODS_ROOT}/Manifest.lock\" > /dev/null\nif [ $? != 0 ] ; then\n    # print error to STDERR\n    echo \"error: The sandbox is not in sync with the Podfile.lock. Run 'pod install' or update your CocoaPods installation.\" >&2\n    exit 1\nfi\n# This output is used by Xcode 'outputs' to avoid re-running this script phase.\necho \"SUCCESS\" > \"${SCRIPT_OUTPUT_FILE_0}\"\n";
			showEnvVarsInLog = 0;
		};
/* End PBXShellScriptBuildPhase section */

/* Begin PBXSourcesBuildPhase section */
		2993211D1F189972001DBDE3 /* Sources */ = {
			isa = PBXSourcesBuildPhase;
			buildActionMask = 2147483647;
			files = (
				29858346246A442500E37F09 /* SecondViewController.m in Sources */,
				2900BB8C22FC0DD900F3344C /* YXPickerManager.m in Sources */,
				2900BB9622FC14FE00F3344C /* NSDate+YXCategory.m in Sources */,
				292B8E8B23014AC1008EB264 /* YXActionSheetTableViewCell.m in Sources */,
				2985833F246A417500E37F09 /* YXCustomTableViewCell.m in Sources */,
				2900BB8A22FC0DD900F3344C /* YXCustomPickerView.m in Sources */,
				2900BB8822FC0DD900F3344C /* YXDatePickerView.m in Sources */,
				2900BB8622FC0DD900F3344C /* YXAddressPickerView.m in Sources */,
				2900BB8B22FC0DD900F3344C /* YXCityModel.m in Sources */,
				299321961F1C5440001DBDE3 /* ViewController.m in Sources */,
				292B8E8823014A3D008EB264 /* YXActionSheetViewController.m in Sources */,
				299321951F1C5440001DBDE3 /* main.m in Sources */,
				292B8E8E23014AE4008EB264 /* YXActionSheetModel.m in Sources */,
				292B8E9123014C72008EB264 /* UIButton+Category.m in Sources */,
				2900BB8922FC0DD900F3344C /* YXToolbar.m in Sources */,
				292B8E9423014FCA008EB264 /* NSString+Category.m in Sources */,
				299321901F1C5440001DBDE3 /* AppDelegate.m in Sources */,
				2985833C246A3AA200E37F09 /* YXCustomController.m in Sources */,
			);
			runOnlyForDeploymentPostprocessing = 0;
		};
/* End PBXSourcesBuildPhase section */

/* Begin PBXVariantGroup section */
		2993217E1F1C5440001DBDE3 /* LaunchScreen.storyboard */ = {
			isa = PBXVariantGroup;
			children = (
				2993217F1F1C5440001DBDE3 /* Base */,
			);
			name = LaunchScreen.storyboard;
			sourceTree = "<group>";
		};
		299321801F1C5440001DBDE3 /* Main.storyboard */ = {
			isa = PBXVariantGroup;
			children = (
				299321811F1C5440001DBDE3 /* Base */,
			);
			name = Main.storyboard;
			sourceTree = "<group>";
		};
/* End PBXVariantGroup section */

/* Begin XCBuildConfiguration section */
		299321361F189972001DBDE3 /* Debug */ = {
			isa = XCBuildConfiguration;
			buildSettings = {
				ALWAYS_SEARCH_USER_PATHS = NO;
				CLANG_ANALYZER_NONNULL = YES;
				CLANG_ANALYZER_NUMBER_OBJECT_CONVERSION = YES_AGGRESSIVE;
				CLANG_CXX_LANGUAGE_STANDARD = "gnu++0x";
				CLANG_CXX_LIBRARY = "libc++";
				CLANG_ENABLE_MODULES = YES;
				CLANG_ENABLE_OBJC_ARC = YES;
				CLANG_WARN_BOOL_CONVERSION = YES;
				CLANG_WARN_CONSTANT_CONVERSION = YES;
				CLANG_WARN_DIRECT_OBJC_ISA_USAGE = YES_ERROR;
				CLANG_WARN_DOCUMENTATION_COMMENTS = YES;
				CLANG_WARN_EMPTY_BODY = YES;
				CLANG_WARN_ENUM_CONVERSION = YES;
				CLANG_WARN_INFINITE_RECURSION = YES;
				CLANG_WARN_INT_CONVERSION = YES;
				CLANG_WARN_OBJC_ROOT_CLASS = YES_ERROR;
				CLANG_WARN_SUSPICIOUS_MOVE = YES;
				CLANG_WARN_UNREACHABLE_CODE = YES;
				CLANG_WARN__DUPLICATE_METHOD_MATCH = YES;
				"CODE_SIGN_IDENTITY[sdk=iphoneos*]" = "iPhone Developer";
				COPY_PHASE_STRIP = NO;
				DEBUG_INFORMATION_FORMAT = dwarf;
				ENABLE_STRICT_OBJC_MSGSEND = YES;
				ENABLE_TESTABILITY = YES;
				GCC_C_LANGUAGE_STANDARD = gnu99;
				GCC_DYNAMIC_NO_PIC = NO;
				GCC_NO_COMMON_BLOCKS = YES;
				GCC_OPTIMIZATION_LEVEL = 0;
				GCC_PREPROCESSOR_DEFINITIONS = (
					"DEBUG=1",
					"$(inherited)",
				);
				GCC_WARN_64_TO_32_BIT_CONVERSION = YES;
				GCC_WARN_ABOUT_RETURN_TYPE = YES_ERROR;
				GCC_WARN_UNDECLARED_SELECTOR = YES;
				GCC_WARN_UNINITIALIZED_AUTOS = YES_AGGRESSIVE;
				GCC_WARN_UNUSED_FUNCTION = YES;
				GCC_WARN_UNUSED_VARIABLE = YES;
				IPHONEOS_DEPLOYMENT_TARGET = 10.3;
				MTL_ENABLE_DEBUG_INFO = YES;
				ONLY_ACTIVE_ARCH = YES;
				SDKROOT = iphoneos;
				TARGETED_DEVICE_FAMILY = "1,2";
			};
			name = Debug;
		};
		299321371F189972001DBDE3 /* Release */ = {
			isa = XCBuildConfiguration;
			buildSettings = {
				ALWAYS_SEARCH_USER_PATHS = NO;
				CLANG_ANALYZER_NONNULL = YES;
				CLANG_ANALYZER_NUMBER_OBJECT_CONVERSION = YES_AGGRESSIVE;
				CLANG_CXX_LANGUAGE_STANDARD = "gnu++0x";
				CLANG_CXX_LIBRARY = "libc++";
				CLANG_ENABLE_MODULES = YES;
				CLANG_ENABLE_OBJC_ARC = YES;
				CLANG_WARN_BOOL_CONVERSION = YES;
				CLANG_WARN_CONSTANT_CONVERSION = YES;
				CLANG_WARN_DIRECT_OBJC_ISA_USAGE = YES_ERROR;
				CLANG_WARN_DOCUMENTATION_COMMENTS = YES;
				CLANG_WARN_EMPTY_BODY = YES;
				CLANG_WARN_ENUM_CONVERSION = YES;
				CLANG_WARN_INFINITE_RECURSION = YES;
				CLANG_WARN_INT_CONVERSION = YES;
				CLANG_WARN_OBJC_ROOT_CLASS = YES_ERROR;
				CLANG_WARN_SUSPICIOUS_MOVE = YES;
				CLANG_WARN_UNREACHABLE_CODE = YES;
				CLANG_WARN__DUPLICATE_METHOD_MATCH = YES;
				"CODE_SIGN_IDENTITY[sdk=iphoneos*]" = "iPhone Developer";
				COPY_PHASE_STRIP = NO;
				DEBUG_INFORMATION_FORMAT = "dwarf-with-dsym";
				ENABLE_NS_ASSERTIONS = NO;
				ENABLE_STRICT_OBJC_MSGSEND = YES;
				GCC_C_LANGUAGE_STANDARD = gnu99;
				GCC_NO_COMMON_BLOCKS = YES;
				GCC_WARN_64_TO_32_BIT_CONVERSION = YES;
				GCC_WARN_ABOUT_RETURN_TYPE = YES_ERROR;
				GCC_WARN_UNDECLARED_SELECTOR = YES;
				GCC_WARN_UNINITIALIZED_AUTOS = YES_AGGRESSIVE;
				GCC_WARN_UNUSED_FUNCTION = YES;
				GCC_WARN_UNUSED_VARIABLE = YES;
				IPHONEOS_DEPLOYMENT_TARGET = 10.3;
				MTL_ENABLE_DEBUG_INFO = NO;
				SDKROOT = iphoneos;
				TARGETED_DEVICE_FAMILY = "1,2";
				VALIDATE_PRODUCT = YES;
			};
			name = Release;
		};
		299321391F189972001DBDE3 /* Debug */ = {
			isa = XCBuildConfiguration;
			baseConfigurationReference = 791613E6FBB1DAC73DA1D29E /* Pods-demo.debug.xcconfig */;
			buildSettings = {
				ASSETCATALOG_COMPILER_APPICON_NAME = AppIcon;
				DEVELOPMENT_TEAM = BX89G3F8M3;
				INFOPLIST_FILE = "$(SRCROOT)/demo/Info.plist";
				IPHONEOS_DEPLOYMENT_TARGET = 9.0;
				LD_RUNPATH_SEARCH_PATHS = "$(inherited) @executable_path/Frameworks";
				PRODUCT_BUNDLE_IDENTIFIER = com..YXPickerView;
				PRODUCT_NAME = "$(TARGET_NAME)";
			};
			name = Debug;
		};
		2993213A1F189972001DBDE3 /* Release */ = {
			isa = XCBuildConfiguration;
			baseConfigurationReference = EF86096CEB7F4B2A60D896CF /* Pods-demo.release.xcconfig */;
			buildSettings = {
				ASSETCATALOG_COMPILER_APPICON_NAME = AppIcon;
				DEVELOPMENT_TEAM = WT6YX73Z3N;
				INFOPLIST_FILE = "$(SRCROOT)/demo/Info.plist";
				IPHONEOS_DEPLOYMENT_TARGET = 9.0;
				LD_RUNPATH_SEARCH_PATHS = "$(inherited) @executable_path/Frameworks";
				PRODUCT_BUNDLE_IDENTIFIER = com..YXPickerView;
				PRODUCT_NAME = "$(TARGET_NAME)";
			};
			name = Release;
		};
/* End XCBuildConfiguration section */

/* Begin XCConfigurationList section */
		2993211C1F189972001DBDE3 /* Build configuration list for PBXProject "demo" */ = {
			isa = XCConfigurationList;
			buildConfigurations = (
				299321361F189972001DBDE3 /* Debug */,
				299321371F189972001DBDE3 /* Release */,
			);
			defaultConfigurationIsVisible = 0;
			defaultConfigurationName = Release;
		};
		299321381F189972001DBDE3 /* Build configuration list for PBXNativeTarget "demo" */ = {
			isa = XCConfigurationList;
			buildConfigurations = (
				299321391F189972001DBDE3 /* Debug */,
				2993213A1F189972001DBDE3 /* Release */,
			);
			defaultConfigurationIsVisible = 0;
			defaultConfigurationName = Release;
		};
/* End XCConfigurationList section */
	};
	rootObject = 299321191F189972001DBDE3 /* Project object */;
}
